{
  "name": "openspec",
  "version": "1.0.0",
  "lockfileVersion": 3,
  "requires": true,
  "packages": {
    "": {
      "name": "openspec",
      "version": "1.0.0",
      "dependencies": {
        "@hono/node-server": "^1.19.6",
        "hono": "^4.3.0"
      },
      "devDependencies": {
        "@cloudflare/workers-types": "^4.20241004.0",
        "typescript": "^5.3.3"
      }
    },
    "node_modules/@cloudflare/workers-types": {
      "version": "4.20251109.0",
      "resolved": "https://registry.npmjs.org/@cloudflare/workers-types/-/workers-types-4.20251109.0.tgz",
      "integrity": "sha512-/wMfoS6NmoY0GgKVoRUp4x0yiZM0eNXwXTTzM7gFJKcm+0NtZmzUzgXj6xpShkfWSrmug0mX7BbyaFMAMHFlPA==",
      "dev": true,
      "license": "MIT OR Apache-2.0"
    },
    "node_modules/@hono/node-server": {
      "version": "1.19.6",
      "resolved": "https://registry.npmjs.org/@hono/node-server/-/node-server-1.19.6.tgz",
      "integrity": "sha512-Shz/KjlIeAhfiuE93NDKVdZ7HdBVLQAfdbaXEaoAVO3ic9ibRSLGIQGkcBbFyuLr+7/1D5ZCINM8B+6IvXeMtw==",
      "license": "MIT",
      "engines": {
        "node": ">=18.14.1"
      },
      "peerDependencies": {
        "hono": "^4"
      }
    },
    "node_modules/hono": {
      "version": "4.10.4",
      "resolved": "https://registry.npmjs.org/hono/-/hono-4.10.4.tgz",
      "integrity": "sha512-YG/fo7zlU3KwrBL5vDpWKisLYiM+nVstBQqfr7gCPbSYURnNEP9BDxEMz8KfsDR9JX0lJWDRNc6nXX31v7ZEyg==",
      "license": "MIT",
      "engines": {
        "node": ">=16.9.0"
      }
    },
    "node_modules/typescript": {
      "version": "5.9.3",
      "resolved": "https://registry.npmjs.org/typescript/-/typescript-5.9.3.tgz",
      "integrity": "sha512-jl1vZzPDinLr9eUt3J/t7V6FgNEw9QjvBPdysz9KfQDD41fQrC2Y4vKQdiaUpFT4bXlb1RHhLpp8wtm6M5TgSw==",
      "dev": true,
      "license": "Apache-2.0",
      "bin": {
        "tsc": "bin/tsc",
        "tsserver": "bin/tsserver"
      },
      "engines": {
        "node": ">=14.17"
      }
    }
  }
}
